
Microsoft Visual Studio Solution File, Format Version 12.00
# Visual Studio Version 17
VisualStudioVersion = 17.1.32328.378
MinimumVisualStudioVersion = 10.0.40219.1
Project("{9A19103F-16F7-4668-BE54-9A1E7A4F7556}") = "TrackingApiApp", "TrackingApiApp\TrackingApiApp.csproj", "{DBE81225-2B70-4C82-8E3B-8BEBC0791FBB}"
EndProject
Project("{FAE04EC0-301F-11D3-BF4B-00C04F79EFBC}") = "TrackingClient", "TrackingClient\TrackingClient.csproj", "{FC11585B-5C4A-4383-8916-7A594B7F7297}"
EndProject
Global
	GlobalSection(SolutionConfigurationPlatforms) = preSolution
		Debug|Any CPU = Debug|Any CPU
		Release|Any CPU = Release|Any CPU
	EndGlobalSection
	GlobalSection(ProjectConfigurationPlatforms) = postSolution
		{DBE81225-2B70-4C82-8E3B-8BEBC0791FBB}.Debug|Any CPU.ActiveCfg = Debug|Any CPU
		{DBE81225-2B70-4C82-8E3B-8BEBC0791FBB}.Debug|Any CPU.Build.0 = Debug|Any CPU
		{DBE81225-2B70-4C82-8E3B-8BEBC0791FBB}.Release|Any CPU.ActiveCfg = Release|Any CPU
		{DBE81225-2B70-4C82-8E3B-8BEBC0791FBB}.Release|Any CPU.Build.0 = Release|Any CPU
		{FC11585B-5C4A-4383-8916-7A594B7F7297}.Debug|Any CPU.ActiveCfg = Debug|Any CPU
		{FC11585B-5C4A-4383-8916-7A594B7F7297}.Debug|Any CPU.Build.0 = Debug|Any CPU
		{FC11585B-5C4A-4383-8916-7A594B7F7297}.Release|Any CPU.ActiveCfg = Release|Any CPU
		{FC11585B-5C4A-4383-8916-7A594B7F7297}.Release|Any CPU.Build.0 = Release|Any CPU
	EndGlobalSection
	GlobalSection(SolutionProperties) = preSolution
		HideSolutionNode = FALSE
	EndGlobalSection
	GlobalSection(ExtensibilityGlobals) = postSolution
		SolutionGuid = {BD82DDDD-2A4B-4950-8F4A-F161C38AA370}
	EndGlobalSection
EndGlobal
